
Microsoft Visual Studio Solution File, Format Version 12.00
# Visual Studio 14
VisualStudioVersion = 14.0.25420.1
MinimumVisualStudioVersion = 10.0.40219.1
Project("{FAE04EC0-301F-11D3-BF4B-00C04F79EFBC}") = "Emerger.WebAPI", "Emerger.WebAPI\Emerger.WebAPI.csproj", "{A68C479E-DFF8-41D0-9AFB-AAE33D7DC7C4}"
EndProject
Project("{FAE04EC0-301F-11D3-BF4B-00C04F79EFBC}") = "Emerger.Services", "Emerger.Services\Emerger.Services.csproj", "{6F90BF12-2D9C-41BD-BEC4-036392F7E5C7}"
EndProject
Project("{FAE04EC0-301F-11D3-BF4B-00C04F79EFBC}") = "Emerger.DomainModel", "Emerger.DomainModel\Emerger.DomainModel.csproj", "{2EAA1B1C-51FC-4DA7-8240-77D69D0083CD}"
EndProject
Project("{FAE04EC0-301F-11D3-BF4B-00C04F79EFBC}") = "Emerger.Core", "Emerger.Core\Emerger.Core.csproj", "{DC02ABF6-6AC1-4D5C-A876-E9FF33EC44A0}"
EndProject
Project("{F184B08F-C81C-45F6-A57F-5ABD9991F28F}") = "ShamanExpressDLL", "ShamanExpressDLL\ShamanExpressDLL.vbproj", "{1A8DFAE4-4E6F-4AD5-9B09-CFA395AA2065}"
EndProject
Global
	GlobalSection(SolutionConfigurationPlatforms) = preSolution
		Debug|Any CPU = Debug|Any CPU
		Release|Any CPU = Release|Any CPU
	EndGlobalSection
	GlobalSection(ProjectConfigurationPlatforms) = postSolution
		{A68C479E-DFF8-41D0-9AFB-AAE33D7DC7C4}.Debug|Any CPU.ActiveCfg = Debug|Any CPU
		{A68C479E-DFF8-41D0-9AFB-AAE33D7DC7C4}.Debug|Any CPU.Build.0 = Debug|Any CPU
		{A68C479E-DFF8-41D0-9AFB-AAE33D7DC7C4}.Release|Any CPU.ActiveCfg = Release|Any CPU
		{A68C479E-DFF8-41D0-9AFB-AAE33D7DC7C4}.Release|Any CPU.Build.0 = Release|Any CPU
		{6F90BF12-2D9C-41BD-BEC4-036392F7E5C7}.Debug|Any CPU.ActiveCfg = Debug|Any CPU
		{6F90BF12-2D9C-41BD-BEC4-036392F7E5C7}.Debug|Any CPU.Build.0 = Debug|Any CPU
		{6F90BF12-2D9C-41BD-BEC4-036392F7E5C7}.Release|Any CPU.ActiveCfg = Release|Any CPU
		{6F90BF12-2D9C-41BD-BEC4-036392F7E5C7}.Release|Any CPU.Build.0 = Release|Any CPU
		{2EAA1B1C-51FC-4DA7-8240-77D69D0083CD}.Debug|Any CPU.ActiveCfg = Debug|Any CPU
		{2EAA1B1C-51FC-4DA7-8240-77D69D0083CD}.Debug|Any CPU.Build.0 = Debug|Any CPU
		{2EAA1B1C-51FC-4DA7-8240-77D69D0083CD}.Release|Any CPU.ActiveCfg = Release|Any CPU
		{2EAA1B1C-51FC-4DA7-8240-77D69D0083CD}.Release|Any CPU.Build.0 = Release|Any CPU
		{DC02ABF6-6AC1-4D5C-A876-E9FF33EC44A0}.Debug|Any CPU.ActiveCfg = Debug|Any CPU
		{DC02ABF6-6AC1-4D5C-A876-E9FF33EC44A0}.Debug|Any CPU.Build.0 = Debug|Any CPU
		{DC02ABF6-6AC1-4D5C-A876-E9FF33EC44A0}.Release|Any CPU.ActiveCfg = Release|Any CPU
		{DC02ABF6-6AC1-4D5C-A876-E9FF33EC44A0}.Release|Any CPU.Build.0 = Release|Any CPU
		{1A8DFAE4-4E6F-4AD5-9B09-CFA395AA2065}.Debug|Any CPU.ActiveCfg = Debug|Any CPU
		{1A8DFAE4-4E6F-4AD5-9B09-CFA395AA2065}.Debug|Any CPU.Build.0 = Debug|Any CPU
		{1A8DFAE4-4E6F-4AD5-9B09-CFA395AA2065}.Release|Any CPU.ActiveCfg = Release|Any CPU
		{1A8DFAE4-4E6F-4AD5-9B09-CFA395AA2065}.Release|Any CPU.Build.0 = Release|Any CPU
	EndGlobalSection
	GlobalSection(SolutionProperties) = preSolution
		HideSolutionNode = FALSE
	EndGlobalSection
EndGlobal
